// !$*UTF8*$!
{
	archiveVersion = 1;
	classes = {
	};
	objectVersion = 50;
	objects = {

/* Begin PBXBuildFile section */
		A59F14BE25B5D2C600A8F0F8 /* foodmarketApp.swift in Sources */ = {isa = PBXBuildFile; fileRef = A59F14BD25B5D2C600A8F0F8 /* foodmarketApp.swift */; };
		A59F14C025B5D2C600A8F0F8 /* ContentView.swift in Sources */ = {isa = PBXBuildFile; fileRef = A59F14BF25B5D2C600A8F0F8 /* ContentView.swift */; };
		A59F14C225B5D2C800A8F0F8 /* Assets.xcassets in Resources */ = {isa = PBXBuildFile; fileRef = A59F14C125B5D2C800A8F0F8 /* Assets.xcassets */; };
		A59F14C525B5D2C800A8F0F8 /* Preview Assets.xcassets in Resources */ = {isa = PBXBuildFile; fileRef = A59F14C425B5D2C800A8F0F8 /* Preview Assets.xcassets */; };
		A5AE7CCE25B6F8F900BB4ADA /* DetailView.swift in Sources */ = {isa = PBXBuildFile; fileRef = A5AE7CCD25B6F8F900BB4ADA /* DetailView.swift */; };
		A5AE7CDC25B74F4A00BB4ADA /* Order.swift in Sources */ = {isa = PBXBuildFile; fileRef = A5AE7CDB25B74F4A00BB4ADA /* Order.swift */; };
		A5AE7CDF25B7742B00BB4ADA /* Values.swift in Sources */ = {isa = PBXBuildFile; fileRef = A5AE7CDE25B7742B00BB4ADA /* Values.swift */; };
		A5AE7CE225B7758400BB4ADA /* Nutrition.swift in Sources */ = {isa = PBXBuildFile; fileRef = A5AE7CE125B7758400BB4ADA /* Nutrition.swift */; };
/* End PBXBuildFile section */

/* Begin PBXFileReference section */
		A59F14BA25B5D2C600A8F0F8 /* foodmarket.app */ = {isa = PBXFileReference; explicitFileType = wrapper.application; includeInIndex = 0; path = foodmarket.app; sourceTree = BUILT_PRODUCTS_DIR; };
		A59F14BD25B5D2C600A8F0F8 /* foodmarketApp.swift */ = {isa = PBXFileReference; lastKnownFileType = sourcecode.swift; path = foodmarketApp.swift; sourceTree = "<group>"; };
		A59F14BF25B5D2C600A8F0F8 /* ContentView.swift */ = {isa = PBXFileReference; lastKnownFileType = sourcecode.swift; path = ContentView.swift; sourceTree = "<group>"; };
		A59F14C125B5D2C800A8F0F8 /* Assets.xcassets */ = {isa = PBXFileReference; lastKnownFileType = folder.assetcatalog; path = Assets.xcassets; sourceTree = "<group>"; };
		A59F14C425B5D2C800A8F0F8 /* Preview Assets.xcassets */ = {isa = PBXFileReference; lastKnownFileType = folder.assetcatalog; path = "Preview Assets.xcassets"; sourceTree = "<group>"; };
		A59F14C625B5D2C800A8F0F8 /* Info.plist */ = {isa = PBXFileReference; lastKnownFileType = text.plist.xml; path = Info.plist; sourceTree = "<group>"; };
		A5AE7CCD25B6F8F900BB4ADA /* DetailView.swift */ = {isa = PBXFileReference; lastKnownFileType = sourcecode.swift; path = DetailView.swift; sourceTree = "<group>"; };
		A5AE7CDB25B74F4A00BB4ADA /* Order.swift */ = {isa = PBXFileReference; lastKnownFileType = sourcecode.swift; path = Order.swift; sourceTree = "<group>"; };
		A5AE7CDE25B7742B00BB4ADA /* Values.swift */ = {isa = PBXFileReference; lastKnownFileType = sourcecode.swift; path = Values.swift; sourceTree = "<group>"; };
		A5AE7CE125B7758400BB4ADA /* Nutrition.swift */ = {isa = PBXFileReference; lastKnownFileType = sourcecode.swift; path = Nutrition.swift; sourceTree = "<group>"; };
/* End PBXFileReference section */

/* Begin PBXFrameworksBuildPhase section */
		A59F14B725B5D2C600A8F0F8 /* Frameworks */ = {
			isa = PBXFrameworksBuildPhase;
			buildActionMask = 2147483647;
			files = (
			);
			runOnlyForDeploymentPostprocessing = 0;
		};
/* End PBXFrameworksBuildPhase section */

/* Begin PBXGroup section */
		A59F14B125B5D2C600A8F0F8 = {
			isa = PBXGroup;
			children = (
				A59F14BC25B5D2C600A8F0F8 /* foodmarket */,
				A59F14BB25B5D2C600A8F0F8 /* Products */,
			);
			sourceTree = "<group>";
		};
		A59F14BB25B5D2C600A8F0F8 /* Products */ = {
			isa = PBXGroup;
			children = (
				A59F14BA25B5D2C600A8F0F8 /* foodmarket.app */,
			);
			name = Products;
			sourceTree = "<group>";
		};
		A59F14BC25B5D2C600A8F0F8 /* foodmarket */ = {
			isa = PBXGroup;
			children = (
				A59F14BD25B5D2C600A8F0F8 /* foodmarketApp.swift */,
				A59F14BF25B5D2C600A8F0F8 /* ContentView.swift */,
				A5AE7CCD25B6F8F900BB4ADA /* DetailView.swift */,
				A5AE7CDE25B7742B00BB4ADA /* Values.swift */,
				A5AE7CDB25B74F4A00BB4ADA /* Order.swift */,
				A5AE7CE125B7758400BB4ADA /* Nutrition.swift */,
				A59F14C125B5D2C800A8F0F8 /* Assets.xcassets */,
				A59F14C625B5D2C800A8F0F8 /* Info.plist */,
				A59F14C325B5D2C800A8F0F8 /* Preview Content */,
			);
			path = foodmarket;
			sourceTree = "<group>";
		};
		A59F14C325B5D2C800A8F0F8 /* Preview Content */ = {
			isa = PBXGroup;
			children = (
				A59F14C425B5D2C800A8F0F8 /* Preview Assets.xcassets */,
			);
			path = "Preview Content";
			sourceTree = "<group>";
		};
/* End PBXGroup section */

/* Begin PBXNativeTarget section */
		A59F14B925B5D2C600A8F0F8 /* foodmarket */ = {
			isa = PBXNativeTarget;
			buildConfigurationList = A59F14C925B5D2C800A8F0F8 /* Build configuration list for PBXNativeTarget "foodmarket" */;
			buildPhases = (
				A59F14B625B5D2C600A8F0F8 /* Sources */,
				A59F14B725B5D2C600A8F0F8 /* Frameworks */,
				A59F14B825B5D2C600A8F0F8 /* Resources */,
			);
			buildRules = (
			);
			dependencies = (
			);
			name = foodmarket;
			productName = foodmarket;
			productReference = A59F14BA25B5D2C600A8F0F8 /* foodmarket.app */;
			productType = "com.apple.product-type.application";
		};
/* End PBXNativeTarget section */

/* Begin PBXProject section */
		A59F14B225B5D2C600A8F0F8 /* Project object */ = {
			isa = PBXProject;
			attributes = {
				LastSwiftUpdateCheck = 1220;
				LastUpgradeCheck = 1220;
				TargetAttributes = {
					A59F14B925B5D2C600A8F0F8 = {
						CreatedOnToolsVersion = 12.2;
					};
				};
			};
			buildConfigurationList = A59F14B525B5D2C600A8F0F8 /* Build configuration list for PBXProject "foodmarket" */;
			compatibilityVersion = "Xcode 9.3";
			developmentRegion = en;
			hasScannedForEncodings = 0;
			knownRegions = (
				en,
				Base,
			);
			mainGroup = A59F14B125B5D2C600A8F0F8;
			productRefGroup = A59F14BB25B5D2C600A8F0F8 /* Products */;
			projectDirPath = "";
			projectRoot = "";
			targets = (
				A59F14B925B5D2C600A8F0F8 /* foodmarket */,
			);
		};
/* End PBXProject section */

/* Begin PBXResourcesBuildPhase section */
		A59F14B825B5D2C600A8F0F8 /* Resources */ = {
			isa = PBXResourcesBuildPhase;
			buildActionMask = 2147483647;
			files = (
				A59F14C525B5D2C800A8F0F8 /* Preview Assets.xcassets in Resources */,
				A59F14C225B5D2C800A8F0F8 /* Assets.xcassets in Resources */,
			);
			runOnlyForDeploymentPostprocessing = 0;
		};
/* End PBXResourcesBuildPhase section */

/* Begin PBXSourcesBuildPhase section */
		A59F14B625B5D2C600A8F0F8 /* Sources */ = {
			isa = PBXSourcesBuildPhase;
			buildActionMask = 2147483647;
			files = (
				A59F14C025B5D2C600A8F0F8 /* ContentView.swift in Sources */,
				A5AE7CCE25B6F8F900BB4ADA /* DetailView.swift in Sources */,
				A5AE7CE225B7758400BB4ADA /* Nutrition.swift in Sources */,
				A5AE7CDF25B7742B00BB4ADA /* Values.swift in Sources */,
				A5AE7CDC25B74F4A00BB4ADA /* Order.swift in Sources */,
				A59F14BE25B5D2C600A8F0F8 /* foodmarketApp.swift in Sources */,
			);
			runOnlyForDeploymentPostprocessing = 0;
		};
/* End PBXSourcesBuildPhase section */

/* Begin XCBuildConfiguration section */
		A59F14C725B5D2C800A8F0F8 /* Debug */ = {
			isa = XCBuildConfiguration;
			buildSettings = {
				ALWAYS_SEARCH_USER_PATHS = NO;
				CLANG_ANALYZER_NONNULL = YES;
				CLANG_ANALYZER_NUMBER_OBJECT_CONVERSION = YES_AGGRESSIVE;
				CLANG_CXX_LANGUAGE_STANDARD = "gnu++14";
				CLANG_CXX_LIBRARY = "libc++";
				CLANG_ENABLE_MODULES = YES;
				CLANG_ENABLE_OBJC_ARC = YES;
				CLANG_ENABLE_OBJC_WEAK = YES;
				CLANG_WARN_BLOCK_CAPTURE_AUTORELEASING = YES;
				CLANG_WARN_BOOL_CONVERSION = YES;
				CLANG_WARN_COMMA = YES;
				CLANG_WARN_CONSTANT_CONVERSION = YES;
				CLANG_WARN_DEPRECATED_OBJC_IMPLEMENTATIONS = YES;
				CLANG_WARN_DIRECT_OBJC_ISA_USAGE = YES_ERROR;
				CLANG_WARN_DOCUMENTATION_COMMENTS = YES;
				CLANG_WARN_EMPTY_BODY = YES;
				CLANG_WARN_ENUM_CONVERSION = YES;
				CLANG_WARN_INFINITE_RECURSION = YES;
				CLANG_WARN_INT_CONVERSION = YES;
				CLANG_WARN_NON_LITERAL_NULL_CONVERSION = YES;
				CLANG_WARN_OBJC_IMPLICIT_RETAIN_SELF = YES;
				CLANG_WARN_OBJC_LITERAL_CONVERSION = YES;
				CLANG_WARN_OBJC_ROOT_CLASS = YES_ERROR;
				CLANG_WARN_QUOTED_INCLUDE_IN_FRAMEWORK_HEADER = YES;
				CLANG_WARN_RANGE_LOOP_ANALYSIS = YES;
				CLANG_WARN_STRICT_PROTOTYPES = YES;
				CLANG_WARN_SUSPICIOUS_MOVE = YES;
				CLANG_WARN_UNGUARDED_AVAILABILITY = YES_AGGRESSIVE;
				CLANG_WARN_UNREACHABLE_CODE = YES;
				CLANG_WARN__DUPLICATE_METHOD_MATCH = YES;
				COPY_PHASE_STRIP = NO;
				DEBUG_INFORMATION_FORMAT = dwarf;
				ENABLE_STRICT_OBJC_MSGSEND = YES;
				ENABLE_TESTABILITY = YES;
				GCC_C_LANGUAGE_STANDARD = gnu11;
				GCC_DYNAMIC_NO_PIC = NO;
				GCC_NO_COMMON_BLOCKS = YES;
				GCC_OPTIMIZATION_LEVEL = 0;
				GCC_PREPROCESSOR_DEFINITIONS = (
					"DEBUG=1",
					"$(inherited)",
				);
				GCC_WARN_64_TO_32_BIT_CONVERSION = YES;
				GCC_WARN_ABOUT_RETURN_TYPE = YES_ERROR;
				GCC_WARN_UNDECLARED_SELECTOR = YES;
				GCC_WARN_UNINITIALIZED_AUTOS = YES_AGGRESSIVE;
				GCC_WARN_UNUSED_FUNCTION = YES;
				GCC_WARN_UNUSED_VARIABLE = YES;
				IPHONEOS_DEPLOYMENT_TARGET = 14.2;
				MTL_ENABLE_DEBUG_INFO = INCLUDE_SOURCE;
				MTL_FAST_MATH = YES;
				ONLY_ACTIVE_ARCH = YES;
				SDKROOT = iphoneos;
				SWIFT_ACTIVE_COMPILATION_CONDITIONS = DEBUG;
				SWIFT_OPTIMIZATION_LEVEL = "-Onone";
			};
			name = Debug;
		};
		A59F14C825B5D2C800A8F0F8 /* Release */ = {
			isa = XCBuildConfiguration;
			buildSettings = {
				ALWAYS_SEARCH_USER_PATHS = NO;
				CLANG_ANALYZER_NONNULL = YES;
				CLANG_ANALYZER_NUMBER_OBJECT_CONVERSION = YES_AGGRESSIVE;
				CLANG_CXX_LANGUAGE_STANDARD = "gnu++14";
				CLANG_CXX_LIBRARY = "libc++";
				CLANG_ENABLE_MODULES = YES;
				CLANG_ENABLE_OBJC_ARC = YES;
				CLANG_ENABLE_OBJC_WEAK = YES;
				CLANG_WARN_BLOCK_CAPTURE_AUTORELEASING = YES;
				CLANG_WARN_BOOL_CONVERSION = YES;
				CLANG_WARN_COMMA = YES;
				CLANG_WARN_CONSTANT_CONVERSION = YES;
				CLANG_WARN_DEPRECATED_OBJC_IMPLEMENTATIONS = YES;
				CLANG_WARN_DIRECT_OBJC_ISA_USAGE = YES_ERROR;
				CLANG_WARN_DOCUMENTATION_COMMENTS = YES;
				CLANG_WARN_EMPTY_BODY = YES;
				CLANG_WARN_ENUM_CONVERSION = YES;
				CLANG_WARN_INFINITE_RECURSION = YES;
				CLANG_WARN_INT_CONVERSION = YES;
				CLANG_WARN_NON_LITERAL_NULL_CONVERSION = YES;
				CLANG_WARN_OBJC_IMPLICIT_RETAIN_SELF = YES;
				CLANG_WARN_OBJC_LITERAL_CONVERSION = YES;
				CLANG_WARN_OBJC_ROOT_CLASS = YES_ERROR;
				CLANG_WARN_QUOTED_INCLUDE_IN_FRAMEWORK_HEADER = YES;
				CLANG_WARN_RANGE_LOOP_ANALYSIS = YES;
				CLANG_WARN_STRICT_PROTOTYPES = YES;
				CLANG_WARN_SUSPICIOUS_MOVE = YES;
				CLANG_WARN_UNGUARDED_AVAILABILITY = YES_AGGRESSIVE;
				CLANG_WARN_UNREACHABLE_CODE = YES;
				CLANG_WARN__DUPLICATE_METHOD_MATCH = YES;
				COPY_PHASE_STRIP = NO;
				DEBUG_INFORMATION_FORMAT = "dwarf-with-dsym";
				ENABLE_NS_ASSERTIONS = NO;
				ENABLE_STRICT_OBJC_MSGSEND = YES;
				GCC_C_LANGUAGE_STANDARD = gnu11;
				GCC_NO_COMMON_BLOCKS = YES;
				GCC_WARN_64_TO_32_BIT_CONVERSION = YES;
				GCC_WARN_ABOUT_RETURN_TYPE = YES_ERROR;
				GCC_WARN_UNDECLARED_SELECTOR = YES;
				GCC_WARN_UNINITIALIZED_AUTOS = YES_AGGRESSIVE;
				GCC_WARN_UNUSED_FUNCTION = YES;
				GCC_WARN_UNUSED_VARIABLE = YES;
				IPHONEOS_DEPLOYMENT_TARGET = 14.2;
				MTL_ENABLE_DEBUG_INFO = NO;
				MTL_FAST_MATH = YES;
				SDKROOT = iphoneos;
				SWIFT_COMPILATION_MODE = wholemodule;
				SWIFT_OPTIMIZATION_LEVEL = "-O";
				VALIDATE_PRODUCT = YES;
			};
			name = Release;
		};
		A59F14CA25B5D2C800A8F0F8 /* Debug */ = {
			isa = XCBuildConfiguration;
			buildSettings = {
				ASSETCATALOG_COMPILER_APPICON_NAME = AppIcon;
				ASSETCATALOG_COMPILER_GLOBAL_ACCENT_COLOR_NAME = AccentColor;
				CODE_SIGN_STYLE = Automatic;
				DEVELOPMENT_ASSET_PATHS = "\"foodmarket/Preview Content\"";
				DEVELOPMENT_TEAM = HN44TWC52L;
				ENABLE_PREVIEWS = YES;
				INFOPLIST_FILE = foodmarket/Info.plist;
				IPHONEOS_DEPLOYMENT_TARGET = 14.0;
				LD_RUNPATH_SEARCH_PATHS = (
					"$(inherited)",
					"@executable_path/Frameworks",
				);
				PRODUCT_BUNDLE_IDENTIFIER = de.rajmalhotra.foodmarket;
				PRODUCT_NAME = "$(TARGET_NAME)";
				SWIFT_VERSION = 5.0;
				TARGETED_DEVICE_FAMILY = "1,2";
			};
			name = Debug;
		};
		A59F14CB25B5D2C800A8F0F8 /* Release */ = {
			isa = XCBuildConfiguration;
			buildSettings = {
				ASSETCATALOG_COMPILER_APPICON_NAME = AppIcon;
				ASSETCATALOG_COMPILER_GLOBAL_ACCENT_COLOR_NAME = AccentColor;
				CODE_SIGN_STYLE = Automatic;
				DEVELOPMENT_ASSET_PATHS = "\"foodmarket/Preview Content\"";
				DEVELOPMENT_TEAM = HN44TWC52L;
				ENABLE_PREVIEWS = YES;
				INFOPLIST_FILE = foodmarket/Info.plist;
				IPHONEOS_DEPLOYMENT_TARGET = 14.0;
				LD_RUNPATH_SEARCH_PATHS = (
					"$(inherited)",
					"@executable_path/Frameworks",
				);
				PRODUCT_BUNDLE_IDENTIFIER = de.rajmalhotra.foodmarket;
				PRODUCT_NAME = "$(TARGET_NAME)";
				SWIFT_VERSION = 5.0;
				TARGETED_DEVICE_FAMILY = "1,2";
			};
			name = Release;
		};
/* End XCBuildConfiguration section */

/* Begin XCConfigurationList section */
		A59F14B525B5D2C600A8F0F8 /* Build configuration list for PBXProject "foodmarket" */ = {
			isa = XCConfigurationList;
			buildConfigurations = (
				A59F14C725B5D2C800A8F0F8 /* Debug */,
				A59F14C825B5D2C800A8F0F8 /* Release */,
			);
			defaultConfigurationIsVisible = 0;
			defaultConfigurationName = Release;
		};
		A59F14C925B5D2C800A8F0F8 /* Build configuration list for PBXNativeTarget "foodmarket" */ = {
			isa = XCConfigurationList;
			buildConfigurations = (
				A59F14CA25B5D2C800A8F0F8 /* Debug */,
				A59F14CB25B5D2C800A8F0F8 /* Release */,
			);
			defaultConfigurationIsVisible = 0;
			defaultConfigurationName = Release;
		};
/* End XCConfigurationList section */
	};
	rootObject = A59F14B225B5D2C600A8F0F8 /* Project object */;
}
